
Microsoft Visual Studio Solution File, Format Version 12.00
# Visual Studio Version 16
VisualStudioVersion = 16.0.29306.81
MinimumVisualStudioVersion = 10.0.40219.1
Project("{FAE04EC0-301F-11D3-BF4B-00C04F79EFBC}") = "CitizenApp.Android", "CitizenApp\CitizenApp.Android\CitizenApp.Android.csproj", "{3DFE8E72-1B52-42EF-A51F-07D5E89927E1}"
EndProject
Project("{FAE04EC0-301F-11D3-BF4B-00C04F79EFBC}") = "CitizenApp", "CitizenApp\CitizenApp\CitizenApp.csproj", "{75768173-12A8-4BD8-AFF5-4C902CAA28B2}"
EndProject
Global
	GlobalSection(SolutionConfigurationPlatforms) = preSolution
		Debug|Any CPU = Debug|Any CPU
		Release|Any CPU = Release|Any CPU
	EndGlobalSection
	GlobalSection(ProjectConfigurationPlatforms) = postSolution
		{3DFE8E72-1B52-42EF-A51F-07D5E89927E1}.Debug|Any CPU.ActiveCfg = Debug|Any CPU
		{3DFE8E72-1B52-42EF-A51F-07D5E89927E1}.Debug|Any CPU.Build.0 = Debug|Any CPU
		{3DFE8E72-1B52-42EF-A51F-07D5E89927E1}.Debug|Any CPU.Deploy.0 = Debug|Any CPU
		{3DFE8E72-1B52-42EF-A51F-07D5E89927E1}.Release|Any CPU.ActiveCfg = Release|Any CPU
		{3DFE8E72-1B52-42EF-A51F-07D5E89927E1}.Release|Any CPU.Build.0 = Release|Any CPU
		{3DFE8E72-1B52-42EF-A51F-07D5E89927E1}.Release|Any CPU.Deploy.0 = Release|Any CPU
		{75768173-12A8-4BD8-AFF5-4C902CAA28B2}.Debug|Any CPU.ActiveCfg = Debug|Any CPU
		{75768173-12A8-4BD8-AFF5-4C902CAA28B2}.Debug|Any CPU.Build.0 = Debug|Any CPU
		{75768173-12A8-4BD8-AFF5-4C902CAA28B2}.Debug|Any CPU.Deploy.0 = Debug|Any CPU
		{75768173-12A8-4BD8-AFF5-4C902CAA28B2}.Release|Any CPU.ActiveCfg = Release|Any CPU
		{75768173-12A8-4BD8-AFF5-4C902CAA28B2}.Release|Any CPU.Build.0 = Release|Any CPU
		{75768173-12A8-4BD8-AFF5-4C902CAA28B2}.Release|Any CPU.Deploy.0 = Release|Any CPU
	EndGlobalSection
	GlobalSection(SolutionProperties) = preSolution
		HideSolutionNode = FALSE
	EndGlobalSection
	GlobalSection(ExtensibilityGlobals) = postSolution
		SolutionGuid = {203D4C52-D58E-4456-B990-316BFB7D3803}
	EndGlobalSection
EndGlobal
